
Microsoft Visual Studio Solution File, Format Version 12.00
# Visual Studio Version 16
VisualStudioVersion = 16.0.29025.244
MinimumVisualStudioVersion = 10.0.40219.1
Project("{FAE04EC0-301F-11D3-BF4B-00C04F79EFBC}") = "Capture", "Capture\Capture.csproj", "{EB4F6906-F71A-4DAE-96F6-CB24EAAEFCFF}"
EndProject
Global
	GlobalSection(SolutionConfigurationPlatforms) = preSolution
		Debug|Any CPU = Debug|Any CPU
		Release|Any CPU = Release|Any CPU
	EndGlobalSection
	GlobalSection(ProjectConfigurationPlatforms) = postSolution
		{EB4F6906-F71A-4DAE-96F6-CB24EAAEFCFF}.Debug|Any CPU.ActiveCfg = Debug|Any CPU
		{EB4F6906-F71A-4DAE-96F6-CB24EAAEFCFF}.Debug|Any CPU.Build.0 = Debug|Any CPU
		{EB4F6906-F71A-4DAE-96F6-CB24EAAEFCFF}.Release|Any CPU.ActiveCfg = Release|Any CPU
		{EB4F6906-F71A-4DAE-96F6-CB24EAAEFCFF}.Release|Any CPU.Build.0 = Release|Any CPU
	EndGlobalSection
	GlobalSection(SolutionProperties) = preSolution
		HideSolutionNode = FALSE
	EndGlobalSection
	GlobalSection(ExtensibilityGlobals) = postSolution
		SolutionGuid = {07821FBF-8E5E-4CAF-A9DE-1CA879A186C3}
	EndGlobalSection
EndGlobal
