
Microsoft Visual Studio Solution File, Format Version 12.00
# Visual Studio Version 16
VisualStudioVersion = 16.0.29209.62
MinimumVisualStudioVersion = 10.0.40219.1
Project("{FAE04EC0-301F-11D3-BF4B-00C04F79EFBC}") = "Capture", "..\Repos\SpotifyCapture\Capture\Capture.csproj", "{EB4F6906-F71A-4DAE-96F6-CB24EAAEFCFF}"
EndProject
Project("{FAE04EC0-301F-11D3-BF4B-00C04F79EFBC}") = "NAudio", "..\..\RESOURCES\NAudio-master\NAudio\NAudio.csproj", "{DA4F02E3-0B5E-42CD-B8D9-5583FA51D66E}"
EndProject
Project("{2150E333-8FDC-42A3-9474-1A3956D46DE8}") = "Dependencies", "Dependencies", "{06FB41E4-3567-4CF4-9184-EFCDCF340FED}"
EndProject
Project("{FAE04EC0-301F-11D3-BF4B-00C04F79EFBC}") = "NAudio.Lame", "..\Repos\NAudio.Lame\NAudio.Lame.csproj", "{2784692F-70BD-41BE-8B8E-0169E5042743}"
EndProject
Project("{FAE04EC0-301F-11D3-BF4B-00C04F79EFBC}") = "LameDLLWrap", "..\Repos\NAudio.Lame\LameDLLWrap\LameDLLWrap.csproj", "{F6F99810-86D6-4E4C-AD65-10C0F0DED1CE}"
EndProject
Project("{FAE04EC0-301F-11D3-BF4B-00C04F79EFBC}") = "SpotifyDownloader", "SpotifyDownloader.csproj", "{3F5C6C37-6BF1-41AD-846A-4CF4EC5AF296}"
EndProject
Global
	GlobalSection(SolutionConfigurationPlatforms) = preSolution
		Debug|Any CPU = Debug|Any CPU
		Debug|ARM = Debug|ARM
		Debug|x64 = Debug|x64
		Debug|x86 = Debug|x86
		Release|Any CPU = Release|Any CPU
		Release|ARM = Release|ARM
		Release|x64 = Release|x64
		Release|x86 = Release|x86
	EndGlobalSection
	GlobalSection(ProjectConfigurationPlatforms) = postSolution
		{EB4F6906-F71A-4DAE-96F6-CB24EAAEFCFF}.Debug|Any CPU.ActiveCfg = Debug|Any CPU
		{EB4F6906-F71A-4DAE-96F6-CB24EAAEFCFF}.Debug|Any CPU.Build.0 = Debug|Any CPU
		{EB4F6906-F71A-4DAE-96F6-CB24EAAEFCFF}.Debug|ARM.ActiveCfg = Debug|Any CPU
		{EB4F6906-F71A-4DAE-96F6-CB24EAAEFCFF}.Debug|ARM.Build.0 = Debug|Any CPU
		{EB4F6906-F71A-4DAE-96F6-CB24EAAEFCFF}.Debug|x64.ActiveCfg = Debug|Any CPU
		{EB4F6906-F71A-4DAE-96F6-CB24EAAEFCFF}.Debug|x64.Build.0 = Debug|Any CPU
		{EB4F6906-F71A-4DAE-96F6-CB24EAAEFCFF}.Debug|x86.ActiveCfg = Debug|x86
		{EB4F6906-F71A-4DAE-96F6-CB24EAAEFCFF}.Debug|x86.Build.0 = Debug|x86
		{EB4F6906-F71A-4DAE-96F6-CB24EAAEFCFF}.Release|Any CPU.ActiveCfg = Release|Any CPU
		{EB4F6906-F71A-4DAE-96F6-CB24EAAEFCFF}.Release|Any CPU.Build.0 = Release|Any CPU
		{EB4F6906-F71A-4DAE-96F6-CB24EAAEFCFF}.Release|ARM.ActiveCfg = Release|Any CPU
		{EB4F6906-F71A-4DAE-96F6-CB24EAAEFCFF}.Release|ARM.Build.0 = Release|Any CPU
		{EB4F6906-F71A-4DAE-96F6-CB24EAAEFCFF}.Release|x64.ActiveCfg = Release|Any CPU
		{EB4F6906-F71A-4DAE-96F6-CB24EAAEFCFF}.Release|x64.Build.0 = Release|Any CPU
		{EB4F6906-F71A-4DAE-96F6-CB24EAAEFCFF}.Release|x86.ActiveCfg = Release|Any CPU
		{EB4F6906-F71A-4DAE-96F6-CB24EAAEFCFF}.Release|x86.Build.0 = Release|Any CPU
		{DA4F02E3-0B5E-42CD-B8D9-5583FA51D66E}.Debug|Any CPU.ActiveCfg = Debug|Any CPU
		{DA4F02E3-0B5E-42CD-B8D9-5583FA51D66E}.Debug|Any CPU.Build.0 = Debug|Any CPU
		{DA4F02E3-0B5E-42CD-B8D9-5583FA51D66E}.Debug|ARM.ActiveCfg = Debug|Any CPU
		{DA4F02E3-0B5E-42CD-B8D9-5583FA51D66E}.Debug|ARM.Build.0 = Debug|Any CPU
		{DA4F02E3-0B5E-42CD-B8D9-5583FA51D66E}.Debug|x64.ActiveCfg = Debug|Any CPU
		{DA4F02E3-0B5E-42CD-B8D9-5583FA51D66E}.Debug|x64.Build.0 = Debug|Any CPU
		{DA4F02E3-0B5E-42CD-B8D9-5583FA51D66E}.Debug|x86.ActiveCfg = Debug|x86
		{DA4F02E3-0B5E-42CD-B8D9-5583FA51D66E}.Debug|x86.Build.0 = Debug|x86
		{DA4F02E3-0B5E-42CD-B8D9-5583FA51D66E}.Release|Any CPU.ActiveCfg = Release|Any CPU
		{DA4F02E3-0B5E-42CD-B8D9-5583FA51D66E}.Release|Any CPU.Build.0 = Release|Any CPU
		{DA4F02E3-0B5E-42CD-B8D9-5583FA51D66E}.Release|ARM.ActiveCfg = Release|Any CPU
		{DA4F02E3-0B5E-42CD-B8D9-5583FA51D66E}.Release|ARM.Build.0 = Release|Any CPU
		{DA4F02E3-0B5E-42CD-B8D9-5583FA51D66E}.Release|x64.ActiveCfg = Release|Any CPU
		{DA4F02E3-0B5E-42CD-B8D9-5583FA51D66E}.Release|x64.Build.0 = Release|Any CPU
		{DA4F02E3-0B5E-42CD-B8D9-5583FA51D66E}.Release|x86.ActiveCfg = Release|Any CPU
		{DA4F02E3-0B5E-42CD-B8D9-5583FA51D66E}.Release|x86.Build.0 = Release|Any CPU
		{2784692F-70BD-41BE-8B8E-0169E5042743}.Debug|Any CPU.ActiveCfg = Debug|Any CPU
		{2784692F-70BD-41BE-8B8E-0169E5042743}.Debug|Any CPU.Build.0 = Debug|Any CPU
		{2784692F-70BD-41BE-8B8E-0169E5042743}.Debug|ARM.ActiveCfg = Debug|Any CPU
		{2784692F-70BD-41BE-8B8E-0169E5042743}.Debug|ARM.Build.0 = Debug|Any CPU
		{2784692F-70BD-41BE-8B8E-0169E5042743}.Debug|x64.ActiveCfg = Debug|Any CPU
		{2784692F-70BD-41BE-8B8E-0169E5042743}.Debug|x64.Build.0 = Debug|Any CPU
		{2784692F-70BD-41BE-8B8E-0169E5042743}.Debug|x86.ActiveCfg = Debug|x86
		{2784692F-70BD-41BE-8B8E-0169E5042743}.Debug|x86.Build.0 = Debug|x86
		{2784692F-70BD-41BE-8B8E-0169E5042743}.Release|Any CPU.ActiveCfg = Release|Any CPU
		{2784692F-70BD-41BE-8B8E-0169E5042743}.Release|Any CPU.Build.0 = Release|Any CPU
		{2784692F-70BD-41BE-8B8E-0169E5042743}.Release|ARM.ActiveCfg = Release|Any CPU
		{2784692F-70BD-41BE-8B8E-0169E5042743}.Release|ARM.Build.0 = Release|Any CPU
		{2784692F-70BD-41BE-8B8E-0169E5042743}.Release|x64.ActiveCfg = Release|Any CPU
		{2784692F-70BD-41BE-8B8E-0169E5042743}.Release|x64.Build.0 = Release|Any CPU
		{2784692F-70BD-41BE-8B8E-0169E5042743}.Release|x86.ActiveCfg = Release|Any CPU
		{2784692F-70BD-41BE-8B8E-0169E5042743}.Release|x86.Build.0 = Release|Any CPU
		{F6F99810-86D6-4E4C-AD65-10C0F0DED1CE}.Debug|Any CPU.ActiveCfg = Debug|x86
		{F6F99810-86D6-4E4C-AD65-10C0F0DED1CE}.Debug|ARM.ActiveCfg = Debug|x86
		{F6F99810-86D6-4E4C-AD65-10C0F0DED1CE}.Debug|x64.ActiveCfg = Debug|x64
		{F6F99810-86D6-4E4C-AD65-10C0F0DED1CE}.Debug|x64.Build.0 = Debug|x64
		{F6F99810-86D6-4E4C-AD65-10C0F0DED1CE}.Debug|x86.ActiveCfg = Debug|x86
		{F6F99810-86D6-4E4C-AD65-10C0F0DED1CE}.Debug|x86.Build.0 = Debug|x86
		{F6F99810-86D6-4E4C-AD65-10C0F0DED1CE}.Release|Any CPU.ActiveCfg = Release|x86
		{F6F99810-86D6-4E4C-AD65-10C0F0DED1CE}.Release|ARM.ActiveCfg = Release|x86
		{F6F99810-86D6-4E4C-AD65-10C0F0DED1CE}.Release|x64.ActiveCfg = Release|x64
		{F6F99810-86D6-4E4C-AD65-10C0F0DED1CE}.Release|x64.Build.0 = Release|x64
		{F6F99810-86D6-4E4C-AD65-10C0F0DED1CE}.Release|x86.ActiveCfg = Release|x86
		{F6F99810-86D6-4E4C-AD65-10C0F0DED1CE}.Release|x86.Build.0 = Release|x86
		{3F5C6C37-6BF1-41AD-846A-4CF4EC5AF296}.Debug|Any CPU.ActiveCfg = Debug|Any CPU
		{3F5C6C37-6BF1-41AD-846A-4CF4EC5AF296}.Debug|Any CPU.Build.0 = Debug|Any CPU
		{3F5C6C37-6BF1-41AD-846A-4CF4EC5AF296}.Debug|ARM.ActiveCfg = Debug|Any CPU
		{3F5C6C37-6BF1-41AD-846A-4CF4EC5AF296}.Debug|ARM.Build.0 = Debug|Any CPU
		{3F5C6C37-6BF1-41AD-846A-4CF4EC5AF296}.Debug|x64.ActiveCfg = Debug|Any CPU
		{3F5C6C37-6BF1-41AD-846A-4CF4EC5AF296}.Debug|x64.Build.0 = Debug|Any CPU
		{3F5C6C37-6BF1-41AD-846A-4CF4EC5AF296}.Debug|x86.ActiveCfg = Debug|x86
		{3F5C6C37-6BF1-41AD-846A-4CF4EC5AF296}.Debug|x86.Build.0 = Debug|x86
		{3F5C6C37-6BF1-41AD-846A-4CF4EC5AF296}.Release|Any CPU.ActiveCfg = Release|Any CPU
		{3F5C6C37-6BF1-41AD-846A-4CF4EC5AF296}.Release|Any CPU.Build.0 = Release|Any CPU
		{3F5C6C37-6BF1-41AD-846A-4CF4EC5AF296}.Release|ARM.ActiveCfg = Release|Any CPU
		{3F5C6C37-6BF1-41AD-846A-4CF4EC5AF296}.Release|ARM.Build.0 = Release|Any CPU
		{3F5C6C37-6BF1-41AD-846A-4CF4EC5AF296}.Release|x64.ActiveCfg = Release|Any CPU
		{3F5C6C37-6BF1-41AD-846A-4CF4EC5AF296}.Release|x64.Build.0 = Release|Any CPU
		{3F5C6C37-6BF1-41AD-846A-4CF4EC5AF296}.Release|x86.ActiveCfg = Release|x86
		{3F5C6C37-6BF1-41AD-846A-4CF4EC5AF296}.Release|x86.Build.0 = Release|x86
	EndGlobalSection
	GlobalSection(SolutionProperties) = preSolution
		HideSolutionNode = FALSE
	EndGlobalSection
	GlobalSection(NestedProjects) = preSolution
		{EB4F6906-F71A-4DAE-96F6-CB24EAAEFCFF} = {06FB41E4-3567-4CF4-9184-EFCDCF340FED}
		{DA4F02E3-0B5E-42CD-B8D9-5583FA51D66E} = {06FB41E4-3567-4CF4-9184-EFCDCF340FED}
		{2784692F-70BD-41BE-8B8E-0169E5042743} = {06FB41E4-3567-4CF4-9184-EFCDCF340FED}
		{F6F99810-86D6-4E4C-AD65-10C0F0DED1CE} = {06FB41E4-3567-4CF4-9184-EFCDCF340FED}
	EndGlobalSection
	GlobalSection(ExtensibilityGlobals) = postSolution
		SolutionGuid = {62011C1F-EE0F-48BD-9577-4DF6C136B777}
	EndGlobalSection
EndGlobal
